
Microsoft Visual Studio Solution File, Format Version 12.00
# Visual Studio Version 17
VisualStudioVersion = 17.9.34607.119
MinimumVisualStudioVersion = 10.0.40219.1
Project("{8BC9CEB8-8B4A-11D0-8D11-00A0C91BC942}") = "stageIndirect", "stageIndirect\stageIndirect.vcxproj", "{CC3D7211-F21D-4FFC-8FA9-6E643A0EC40A}"
EndProject
Global
	GlobalSection(SolutionConfigurationPlatforms) = preSolution
		Debug|x64 = Debug|x64
		Debug|x86 = Debug|x86
		Release|x64 = Release|x64
		Release|x86 = Release|x86
	EndGlobalSection
	GlobalSection(ProjectConfigurationPlatforms) = postSolution
		{CC3D7211-F21D-4FFC-8FA9-6E643A0EC40A}.Debug|x64.ActiveCfg = Debug|x64
		{CC3D7211-F21D-4FFC-8FA9-6E643A0EC40A}.Debug|x64.Build.0 = Debug|x64
		{CC3D7211-F21D-4FFC-8FA9-6E643A0EC40A}.Debug|x86.ActiveCfg = Debug|Win32
		{CC3D7211-F21D-4FFC-8FA9-6E643A0EC40A}.Debug|x86.Build.0 = Debug|Win32
		{CC3D7211-F21D-4FFC-8FA9-6E643A0EC40A}.Release|x64.ActiveCfg = Release|x64
		{CC3D7211-F21D-4FFC-8FA9-6E643A0EC40A}.Release|x64.Build.0 = Release|x64
		{CC3D7211-F21D-4FFC-8FA9-6E643A0EC40A}.Release|x86.ActiveCfg = Release|Win32
		{CC3D7211-F21D-4FFC-8FA9-6E643A0EC40A}.Release|x86.Build.0 = Release|Win32
	EndGlobalSection
	GlobalSection(SolutionProperties) = preSolution
		HideSolutionNode = FALSE
	EndGlobalSection
	GlobalSection(ExtensibilityGlobals) = postSolution
		SolutionGuid = {CE3A7D14-A90A-4425-A90F-981528878064}
	EndGlobalSection
EndGlobal
